
Microsoft Visual Studio Solution File, Format Version 12.00
# Visual Studio 15
VisualStudioVersion = 15.0.28307.572
MinimumVisualStudioVersion = 10.0.40219.1
Project("{FAE04EC0-301F-11D3-BF4B-00C04F79EFBC}") = "KeyValueStore", "KeyValueStore\KeyValueStore.csproj", "{AE5EACC5-FE3F-4140-ACB5-F5CA21AB2182}"
EndProject
Global
	GlobalSection(SolutionConfigurationPlatforms) = preSolution
		Debug|Any CPU = Debug|Any CPU
		Release|Any CPU = Release|Any CPU
	EndGlobalSection
	GlobalSection(ProjectConfigurationPlatforms) = postSolution
		{AE5EACC5-FE3F-4140-ACB5-F5CA21AB2182}.Debug|Any CPU.ActiveCfg = Debug|Any CPU
		{AE5EACC5-FE3F-4140-ACB5-F5CA21AB2182}.Debug|Any CPU.Build.0 = Debug|Any CPU
		{AE5EACC5-FE3F-4140-ACB5-F5CA21AB2182}.Release|Any CPU.ActiveCfg = Release|Any CPU
		{AE5EACC5-FE3F-4140-ACB5-F5CA21AB2182}.Release|Any CPU.Build.0 = Release|Any CPU
	EndGlobalSection
	GlobalSection(SolutionProperties) = preSolution
		HideSolutionNode = FALSE
	EndGlobalSection
	GlobalSection(ExtensibilityGlobals) = postSolution
		SolutionGuid = {1272B255-4CB1-43F1-B391-E25783158435}
	EndGlobalSection
EndGlobal
